
Microsoft Visual Studio Solution File, Format Version 12.00
# Visual Studio 15
VisualStudioVersion = 15.0.28010.2003
MinimumVisualStudioVersion = 10.0.40219.1
Project("{FAE04EC0-301F-11D3-BF4B-00C04F79EFBC}") = "Hill-2-Cipher", "Hill-2-Cipher\Hill-2-Cipher.csproj", "{8EDB8232-EB90-43E5-B64A-D52D6C11EA3E}"
EndProject
Global
	GlobalSection(SolutionConfigurationPlatforms) = preSolution
		Debug|Any CPU = Debug|Any CPU
		Release|Any CPU = Release|Any CPU
	EndGlobalSection
	GlobalSection(ProjectConfigurationPlatforms) = postSolution
		{8EDB8232-EB90-43E5-B64A-D52D6C11EA3E}.Debug|Any CPU.ActiveCfg = Debug|Any CPU
		{8EDB8232-EB90-43E5-B64A-D52D6C11EA3E}.Debug|Any CPU.Build.0 = Debug|Any CPU
		{8EDB8232-EB90-43E5-B64A-D52D6C11EA3E}.Release|Any CPU.ActiveCfg = Release|Any CPU
		{8EDB8232-EB90-43E5-B64A-D52D6C11EA3E}.Release|Any CPU.Build.0 = Release|Any CPU
	EndGlobalSection
	GlobalSection(SolutionProperties) = preSolution
		HideSolutionNode = FALSE
	EndGlobalSection
	GlobalSection(ExtensibilityGlobals) = postSolution
		SolutionGuid = {58A0266E-6D75-45B1-B1F0-9484B9587385}
	EndGlobalSection
EndGlobal
